{
  "name": "test",
  "version": "1.0.0",
  "lockfileVersion": 1,
  "requires": true,
  "dependencies": {
    "grammer-cli": {
      "version": "file:../grammer",
      "requires": {
        "archiver": "^4.0.1",
        "chalk": "^4.0.0",
        "dotenv": "^8.2.0",
        "request": "^2.88.2",
        "yargs": "^15.3.1"
      }
    }
  }
}
